// !$*UTF8*$!
{
	archiveVersion = 1;
	classes = {
	};
	objectVersion = 50;
	objects = {

/* Begin PBXBuildFile section */
		26253CE6796CE9B8C9361D9B /* Pods_ios_study_facebook.framework in Frameworks */ = {isa = PBXBuildFile; fileRef = 4B5F12D0E0E231F24EEF9D2D /* Pods_ios_study_facebook.framework */; };
		6C7DFF7EE07DF2A1404660EC /* Pods_ios_study_facebookUITests.framework in Frameworks */ = {isa = PBXBuildFile; fileRef = 8205A61C7D8A492C7A333EBD /* Pods_ios_study_facebookUITests.framework */; };
		8320D9DADA68DD16A0AD81E3 /* Pods_ios_study_facebookTests.framework in Frameworks */ = {isa = PBXBuildFile; fileRef = 41DFE5DB8445DDBBE49F9AEB /* Pods_ios_study_facebookTests.framework */; };
		C8FD9F3221B3BF2600DB9466 /* AppDelegate.swift in Sources */ = {isa = PBXBuildFile; fileRef = C8FD9F3121B3BF2600DB9466 /* AppDelegate.swift */; };
		C8FD9F3421B3BF2600DB9466 /* ViewController.swift in Sources */ = {isa = PBXBuildFile; fileRef = C8FD9F3321B3BF2600DB9466 /* ViewController.swift */; };
		C8FD9F3721B3BF2600DB9466 /* Main.storyboard in Resources */ = {isa = PBXBuildFile; fileRef = C8FD9F3521B3BF2600DB9466 /* Main.storyboard */; };
		C8FD9F3921B3BF2700DB9466 /* Assets.xcassets in Resources */ = {isa = PBXBuildFile; fileRef = C8FD9F3821B3BF2700DB9466 /* Assets.xcassets */; };
		C8FD9F3C21B3BF2700DB9466 /* LaunchScreen.storyboard in Resources */ = {isa = PBXBuildFile; fileRef = C8FD9F3A21B3BF2700DB9466 /* LaunchScreen.storyboard */; };
		C8FD9F4721B3BF2700DB9466 /* ios_study_facebookTests.swift in Sources */ = {isa = PBXBuildFile; fileRef = C8FD9F4621B3BF2700DB9466 /* ios_study_facebookTests.swift */; };
		C8FD9F5221B3BF2700DB9466 /* ios_study_facebookUITests.swift in Sources */ = {isa = PBXBuildFile; fileRef = C8FD9F5121B3BF2700DB9466 /* ios_study_facebookUITests.swift */; };
/* End PBXBuildFile section */

/* Begin PBXContainerItemProxy section */
		C8FD9F4321B3BF2700DB9466 /* PBXContainerItemProxy */ = {
			isa = PBXContainerItemProxy;
			containerPortal = C8FD9F2621B3BF2600DB9466 /* Project object */;
			proxyType = 1;
			remoteGlobalIDString = C8FD9F2D21B3BF2600DB9466;
			remoteInfo = "ios-study-facebook";
		};
		C8FD9F4E21B3BF2700DB9466 /* PBXContainerItemProxy */ = {
			isa = PBXContainerItemProxy;
			containerPortal = C8FD9F2621B3BF2600DB9466 /* Project object */;
			proxyType = 1;
			remoteGlobalIDString = C8FD9F2D21B3BF2600DB9466;
			remoteInfo = "ios-study-facebook";
		};
/* End PBXContainerItemProxy section */

/* Begin PBXFileReference section */
		3169ECD9594F25B28CB1379F /* Pods-ios-study-facebookUITests.debug.xcconfig */ = {isa = PBXFileReference; includeInIndex = 1; lastKnownFileType = text.xcconfig; name = "Pods-ios-study-facebookUITests.debug.xcconfig"; path = "Pods/Target Support Files/Pods-ios-study-facebookUITests/Pods-ios-study-facebookUITests.debug.xcconfig"; sourceTree = "<group>"; };
		41DFE5DB8445DDBBE49F9AEB /* Pods_ios_study_facebookTests.framework */ = {isa = PBXFileReference; explicitFileType = wrapper.framework; includeInIndex = 0; path = Pods_ios_study_facebookTests.framework; sourceTree = BUILT_PRODUCTS_DIR; };
		4B5F12D0E0E231F24EEF9D2D /* Pods_ios_study_facebook.framework */ = {isa = PBXFileReference; explicitFileType = wrapper.framework; includeInIndex = 0; path = Pods_ios_study_facebook.framework; sourceTree = BUILT_PRODUCTS_DIR; };
		5E5406E01920B65B328EF6B2 /* Pods-ios-study-facebookUITests.release.xcconfig */ = {isa = PBXFileReference; includeInIndex = 1; lastKnownFileType = text.xcconfig; name = "Pods-ios-study-facebookUITests.release.xcconfig"; path = "Pods/Target Support Files/Pods-ios-study-facebookUITests/Pods-ios-study-facebookUITests.release.xcconfig"; sourceTree = "<group>"; };
		73EBBDFB799BD93169C81B89 /* Pods-ios-study-facebook.debug.xcconfig */ = {isa = PBXFileReference; includeInIndex = 1; lastKnownFileType = text.xcconfig; name = "Pods-ios-study-facebook.debug.xcconfig"; path = "Pods/Target Support Files/Pods-ios-study-facebook/Pods-ios-study-facebook.debug.xcconfig"; sourceTree = "<group>"; };
		8205A61C7D8A492C7A333EBD /* Pods_ios_study_facebookUITests.framework */ = {isa = PBXFileReference; explicitFileType = wrapper.framework; includeInIndex = 0; path = Pods_ios_study_facebookUITests.framework; sourceTree = BUILT_PRODUCTS_DIR; };
		C55254963A10FA2D2FFE0593 /* Pods-ios-study-facebookTests.release.xcconfig */ = {isa = PBXFileReference; includeInIndex = 1; lastKnownFileType = text.xcconfig; name = "Pods-ios-study-facebookTests.release.xcconfig"; path = "Pods/Target Support Files/Pods-ios-study-facebookTests/Pods-ios-study-facebookTests.release.xcconfig"; sourceTree = "<group>"; };
		C8FD9F2E21B3BF2600DB9466 /* ios-study-facebook.app */ = {isa = PBXFileReference; explicitFileType = wrapper.application; includeInIndex = 0; path = "ios-study-facebook.app"; sourceTree = BUILT_PRODUCTS_DIR; };
		C8FD9F3121B3BF2600DB9466 /* AppDelegate.swift */ = {isa = PBXFileReference; lastKnownFileType = sourcecode.swift; path = AppDelegate.swift; sourceTree = "<group>"; };
		C8FD9F3321B3BF2600DB9466 /* ViewController.swift */ = {isa = PBXFileReference; lastKnownFileType = sourcecode.swift; path = ViewController.swift; sourceTree = "<group>"; };
		C8FD9F3621B3BF2600DB9466 /* Base */ = {isa = PBXFileReference; lastKnownFileType = file.storyboard; name = Base; path = Base.lproj/Main.storyboard; sourceTree = "<group>"; };
		C8FD9F3821B3BF2700DB9466 /* Assets.xcassets */ = {isa = PBXFileReference; lastKnownFileType = folder.assetcatalog; path = Assets.xcassets; sourceTree = "<group>"; };
		C8FD9F3B21B3BF2700DB9466 /* Base */ = {isa = PBXFileReference; lastKnownFileType = file.storyboard; name = Base; path = Base.lproj/LaunchScreen.storyboard; sourceTree = "<group>"; };
		C8FD9F3D21B3BF2700DB9466 /* Info.plist */ = {isa = PBXFileReference; lastKnownFileType = text.plist.xml; path = Info.plist; sourceTree = "<group>"; };
		C8FD9F4221B3BF2700DB9466 /* ios-study-facebookTests.xctest */ = {isa = PBXFileReference; explicitFileType = wrapper.cfbundle; includeInIndex = 0; path = "ios-study-facebookTests.xctest"; sourceTree = BUILT_PRODUCTS_DIR; };
		C8FD9F4621B3BF2700DB9466 /* ios_study_facebookTests.swift */ = {isa = PBXFileReference; lastKnownFileType = sourcecode.swift; path = ios_study_facebookTests.swift; sourceTree = "<group>"; };
		C8FD9F4821B3BF2700DB9466 /* Info.plist */ = {isa = PBXFileReference; lastKnownFileType = text.plist.xml; path = Info.plist; sourceTree = "<group>"; };
		C8FD9F4D21B3BF2700DB9466 /* ios-study-facebookUITests.xctest */ = {isa = PBXFileReference; explicitFileType = wrapper.cfbundle; includeInIndex = 0; path = "ios-study-facebookUITests.xctest"; sourceTree = BUILT_PRODUCTS_DIR; };
		C8FD9F5121B3BF2700DB9466 /* ios_study_facebookUITests.swift */ = {isa = PBXFileReference; lastKnownFileType = sourcecode.swift; path = ios_study_facebookUITests.swift; sourceTree = "<group>"; };
		C8FD9F5321B3BF2700DB9466 /* Info.plist */ = {isa = PBXFileReference; lastKnownFileType = text.plist.xml; path = Info.plist; sourceTree = "<group>"; };
		D11C7E6F6C5EB53B1796D2AE /* Pods-ios-study-facebookTests.debug.xcconfig */ = {isa = PBXFileReference; includeInIndex = 1; lastKnownFileType = text.xcconfig; name = "Pods-ios-study-facebookTests.debug.xcconfig"; path = "Pods/Target Support Files/Pods-ios-study-facebookTests/Pods-ios-study-facebookTests.debug.xcconfig"; sourceTree = "<group>"; };
		D748B6E41ED2E87D7DF2025A /* Pods-ios-study-facebook.release.xcconfig */ = {isa = PBXFileReference; includeInIndex = 1; lastKnownFileType = text.xcconfig; name = "Pods-ios-study-facebook.release.xcconfig"; path = "Pods/Target Support Files/Pods-ios-study-facebook/Pods-ios-study-facebook.release.xcconfig"; sourceTree = "<group>"; };
/* End PBXFileReference section */

/* Begin PBXFrameworksBuildPhase section */
		C8FD9F2B21B3BF2600DB9466 /* Frameworks */ = {
			isa = PBXFrameworksBuildPhase;
			buildActionMask = 2147483647;
			files = (
				26253CE6796CE9B8C9361D9B /* Pods_ios_study_facebook.framework in Frameworks */,
			);
			runOnlyForDeploymentPostprocessing = 0;
		};
		C8FD9F3F21B3BF2700DB9466 /* Frameworks */ = {
			isa = PBXFrameworksBuildPhase;
			buildActionMask = 2147483647;
			files = (
				8320D9DADA68DD16A0AD81E3 /* Pods_ios_study_facebookTests.framework in Frameworks */,
			);
			runOnlyForDeploymentPostprocessing = 0;
		};
		C8FD9F4A21B3BF2700DB9466 /* Frameworks */ = {
			isa = PBXFrameworksBuildPhase;
			buildActionMask = 2147483647;
			files = (
				6C7DFF7EE07DF2A1404660EC /* Pods_ios_study_facebookUITests.framework in Frameworks */,
			);
			runOnlyForDeploymentPostprocessing = 0;
		};
/* End PBXFrameworksBuildPhase section */

/* Begin PBXGroup section */
		3AC36351DA155ACA963B6CF2 /* Pods */ = {
			isa = PBXGroup;
			children = (
				73EBBDFB799BD93169C81B89 /* Pods-ios-study-facebook.debug.xcconfig */,
				D748B6E41ED2E87D7DF2025A /* Pods-ios-study-facebook.release.xcconfig */,
				D11C7E6F6C5EB53B1796D2AE /* Pods-ios-study-facebookTests.debug.xcconfig */,
				C55254963A10FA2D2FFE0593 /* Pods-ios-study-facebookTests.release.xcconfig */,
				3169ECD9594F25B28CB1379F /* Pods-ios-study-facebookUITests.debug.xcconfig */,
				5E5406E01920B65B328EF6B2 /* Pods-ios-study-facebookUITests.release.xcconfig */,
			);
			name = Pods;
			sourceTree = "<group>";
		};
		C8FD9F2521B3BF2600DB9466 = {
			isa = PBXGroup;
			children = (
				C8FD9F3021B3BF2600DB9466 /* ios-study-facebook */,
				C8FD9F4521B3BF2700DB9466 /* ios-study-facebookTests */,
				C8FD9F5021B3BF2700DB9466 /* ios-study-facebookUITests */,
				C8FD9F2F21B3BF2600DB9466 /* Products */,
				3AC36351DA155ACA963B6CF2 /* Pods */,
				DABAB2AE938027BB724D0E1E /* Frameworks */,
			);
			sourceTree = "<group>";
		};
		C8FD9F2F21B3BF2600DB9466 /* Products */ = {
			isa = PBXGroup;
			children = (
				C8FD9F2E21B3BF2600DB9466 /* ios-study-facebook.app */,
				C8FD9F4221B3BF2700DB9466 /* ios-study-facebookTests.xctest */,
				C8FD9F4D21B3BF2700DB9466 /* ios-study-facebookUITests.xctest */,
			);
			name = Products;
			sourceTree = "<group>";
		};
		C8FD9F3021B3BF2600DB9466 /* ios-study-facebook */ = {
			isa = PBXGroup;
			children = (
				C8FD9F3121B3BF2600DB9466 /* AppDelegate.swift */,
				C8FD9F3321B3BF2600DB9466 /* ViewController.swift */,
				C8FD9F3521B3BF2600DB9466 /* Main.storyboard */,
				C8FD9F3821B3BF2700DB9466 /* Assets.xcassets */,
				C8FD9F3A21B3BF2700DB9466 /* LaunchScreen.storyboard */,
				C8FD9F3D21B3BF2700DB9466 /* Info.plist */,
			);
			path = "ios-study-facebook";
			sourceTree = "<group>";
		};
		C8FD9F4521B3BF2700DB9466 /* ios-study-facebookTests */ = {
			isa = PBXGroup;
			children = (
				C8FD9F4621B3BF2700DB9466 /* ios_study_facebookTests.swift */,
				C8FD9F4821B3BF2700DB9466 /* Info.plist */,
			);
			path = "ios-study-facebookTests";
			sourceTree = "<group>";
		};
		C8FD9F5021B3BF2700DB9466 /* ios-study-facebookUITests */ = {
			isa = PBXGroup;
			children = (
				C8FD9F5121B3BF2700DB9466 /* ios_study_facebookUITests.swift */,
				C8FD9F5321B3BF2700DB9466 /* Info.plist */,
			);
			path = "ios-study-facebookUITests";
			sourceTree = "<group>";
		};
		DABAB2AE938027BB724D0E1E /* Frameworks */ = {
			isa = PBXGroup;
			children = (
				4B5F12D0E0E231F24EEF9D2D /* Pods_ios_study_facebook.framework */,
				41DFE5DB8445DDBBE49F9AEB /* Pods_ios_study_facebookTests.framework */,
				8205A61C7D8A492C7A333EBD /* Pods_ios_study_facebookUITests.framework */,
			);
			name = Frameworks;
			sourceTree = "<group>";
		};
/* End PBXGroup section */

/* Begin PBXNativeTarget section */
		C8FD9F2D21B3BF2600DB9466 /* ios-study-facebook */ = {
			isa = PBXNativeTarget;
			buildConfigurationList = C8FD9F5621B3BF2700DB9466 /* Build configuration list for PBXNativeTarget "ios-study-facebook" */;
			buildPhases = (
				1ADA02622D3D86FCE19990BC /* [CP] Check Pods Manifest.lock */,
				C8FD9F2A21B3BF2600DB9466 /* Sources */,
				C8FD9F2B21B3BF2600DB9466 /* Frameworks */,
				C8FD9F2C21B3BF2600DB9466 /* Resources */,
				936FC5840D7DA64F77ED0AFF /* [CP] Embed Pods Frameworks */,
			);
			buildRules = (
			);
			dependencies = (
			);
			name = "ios-study-facebook";
			productName = "ios-study-facebook";
			productReference = C8FD9F2E21B3BF2600DB9466 /* ios-study-facebook.app */;
			productType = "com.apple.product-type.application";
		};
		C8FD9F4121B3BF2700DB9466 /* ios-study-facebookTests */ = {
			isa = PBXNativeTarget;
			buildConfigurationList = C8FD9F5921B3BF2700DB9466 /* Build configuration list for PBXNativeTarget "ios-study-facebookTests" */;
			buildPhases = (
				7B45F9A89F22F966DE4311BD /* [CP] Check Pods Manifest.lock */,
				C8FD9F3E21B3BF2700DB9466 /* Sources */,
				C8FD9F3F21B3BF2700DB9466 /* Frameworks */,
				C8FD9F4021B3BF2700DB9466 /* Resources */,
			);
			buildRules = (
			);
			dependencies = (
				C8FD9F4421B3BF2700DB9466 /* PBXTargetDependency */,
			);
			name = "ios-study-facebookTests";
			productName = "ios-study-facebookTests";
			productReference = C8FD9F4221B3BF2700DB9466 /* ios-study-facebookTests.xctest */;
			productType = "com.apple.product-type.bundle.unit-test";
		};
		C8FD9F4C21B3BF2700DB9466 /* ios-study-facebookUITests */ = {
			isa = PBXNativeTarget;
			buildConfigurationList = C8FD9F5C21B3BF2700DB9466 /* Build configuration list for PBXNativeTarget "ios-study-facebookUITests" */;
			buildPhases = (
				E7BEB6BBFE55F0136722E3DF /* [CP] Check Pods Manifest.lock */,
				C8FD9F4921B3BF2700DB9466 /* Sources */,
				C8FD9F4A21B3BF2700DB9466 /* Frameworks */,
				C8FD9F4B21B3BF2700DB9466 /* Resources */,
			);
			buildRules = (
			);
			dependencies = (
				C8FD9F4F21B3BF2700DB9466 /* PBXTargetDependency */,
			);
			name = "ios-study-facebookUITests";
			productName = "ios-study-facebookUITests";
			productReference = C8FD9F4D21B3BF2700DB9466 /* ios-study-facebookUITests.xctest */;
			productType = "com.apple.product-type.bundle.ui-testing";
		};
/* End PBXNativeTarget section */

/* Begin PBXProject section */
		C8FD9F2621B3BF2600DB9466 /* Project object */ = {
			isa = PBXProject;
			attributes = {
				LastSwiftUpdateCheck = 1010;
				LastUpgradeCheck = 1010;
				ORGANIZATIONNAME = "Shinichiro Shimoda";
				TargetAttributes = {
					C8FD9F2D21B3BF2600DB9466 = {
						CreatedOnToolsVersion = 10.1;
					};
					C8FD9F4121B3BF2700DB9466 = {
						CreatedOnToolsVersion = 10.1;
						TestTargetID = C8FD9F2D21B3BF2600DB9466;
					};
					C8FD9F4C21B3BF2700DB9466 = {
						CreatedOnToolsVersion = 10.1;
						TestTargetID = C8FD9F2D21B3BF2600DB9466;
					};
				};
			};
			buildConfigurationList = C8FD9F2921B3BF2600DB9466 /* Build configuration list for PBXProject "ios-study-facebook" */;
			compatibilityVersion = "Xcode 9.3";
			developmentRegion = en;
			hasScannedForEncodings = 0;
			knownRegions = (
				en,
				Base,
			);
			mainGroup = C8FD9F2521B3BF2600DB9466;
			productRefGroup = C8FD9F2F21B3BF2600DB9466 /* Products */;
			projectDirPath = "";
			projectRoot = "";
			targets = (
				C8FD9F2D21B3BF2600DB9466 /* ios-study-facebook */,
				C8FD9F4121B3BF2700DB9466 /* ios-study-facebookTests */,
				C8FD9F4C21B3BF2700DB9466 /* ios-study-facebookUITests */,
			);
		};
/* End PBXProject section */

/* Begin PBXResourcesBuildPhase section */
		C8FD9F2C21B3BF2600DB9466 /* Resources */ = {
			isa = PBXResourcesBuildPhase;
			buildActionMask = 2147483647;
			files = (
				C8FD9F3C21B3BF2700DB9466 /* LaunchScreen.storyboard in Resources */,
				C8FD9F3921B3BF2700DB9466 /* Assets.xcassets in Resources */,
				C8FD9F3721B3BF2600DB9466 /* Main.storyboard in Resources */,
			);
			runOnlyForDeploymentPostprocessing = 0;
		};
		C8FD9F4021B3BF2700DB9466 /* Resources */ = {
			isa = PBXResourcesBuildPhase;
			buildActionMask = 2147483647;
			files = (
			);
			runOnlyForDeploymentPostprocessing = 0;
		};
		C8FD9F4B21B3BF2700DB9466 /* Resources */ = {
			isa = PBXResourcesBuildPhase;
			buildActionMask = 2147483647;
			files = (
			);
			runOnlyForDeploymentPostprocessing = 0;
		};
/* End PBXResourcesBuildPhase section */

/* Begin PBXShellScriptBuildPhase section */
		1ADA02622D3D86FCE19990BC /* [CP] Check Pods Manifest.lock */ = {
			isa = PBXShellScriptBuildPhase;
			buildActionMask = 2147483647;
			files = (
			);
			inputFileListPaths = (
			);
			inputPaths = (
				"${PODS_PODFILE_DIR_PATH}/Podfile.lock",
				"${PODS_ROOT}/Manifest.lock",
			);
			name = "[CP] Check Pods Manifest.lock";
			outputFileListPaths = (
			);
			outputPaths = (
				"$(DERIVED_FILE_DIR)/Pods-ios-study-facebook-checkManifestLockResult.txt",
			);
			runOnlyForDeploymentPostprocessing = 0;
			shellPath = /bin/sh;
			shellScript = "diff \"${PODS_PODFILE_DIR_PATH}/Podfile.lock\" \"${PODS_ROOT}/Manifest.lock\" > /dev/null\nif [ $? != 0 ] ; then\n    # print error to STDERR\n    echo \"error: The sandbox is not in sync with the Podfile.lock. Run 'pod install' or update your CocoaPods installation.\" >&2\n    exit 1\nfi\n# This output is used by Xcode 'outputs' to avoid re-running this script phase.\necho \"SUCCESS\" > \"${SCRIPT_OUTPUT_FILE_0}\"\n";
			showEnvVarsInLog = 0;
		};
		7B45F9A89F22F966DE4311BD /* [CP] Check Pods Manifest.lock */ = {
			isa = PBXShellScriptBuildPhase;
			buildActionMask = 2147483647;
			files = (
			);
			inputFileListPaths = (
			);
			inputPaths = (
				"${PODS_PODFILE_DIR_PATH}/Podfile.lock",
				"${PODS_ROOT}/Manifest.lock",
			);
			name = "[CP] Check Pods Manifest.lock";
			outputFileListPaths = (
			);
			outputPaths = (
				"$(DERIVED_FILE_DIR)/Pods-ios-study-facebookTests-checkManifestLockResult.txt",
			);
			runOnlyForDeploymentPostprocessing = 0;
			shellPath = /bin/sh;
			shellScript = "diff \"${PODS_PODFILE_DIR_PATH}/Podfile.lock\" \"${PODS_ROOT}/Manifest.lock\" > /dev/null\nif [ $? != 0 ] ; then\n    # print error to STDERR\n    echo \"error: The sandbox is not in sync with the Podfile.lock. Run 'pod install' or update your CocoaPods installation.\" >&2\n    exit 1\nfi\n# This output is used by Xcode 'outputs' to avoid re-running this script phase.\necho \"SUCCESS\" > \"${SCRIPT_OUTPUT_FILE_0}\"\n";
			showEnvVarsInLog = 0;
		};
		936FC5840D7DA64F77ED0AFF /* [CP] Embed Pods Frameworks */ = {
			isa = PBXShellScriptBuildPhase;
			buildActionMask = 2147483647;
			files = (
			);
			inputFileListPaths = (
			);
			inputPaths = (
				"${SRCROOT}/Pods/Target Support Files/Pods-ios-study-facebook/Pods-ios-study-facebook-frameworks.sh",
				"${BUILT_PRODUCTS_DIR}/Bolts/Bolts.framework",
				"${BUILT_PRODUCTS_DIR}/FBSDKCoreKit/FBSDKCoreKit.framework",
			);
			name = "[CP] Embed Pods Frameworks";
			outputFileListPaths = (
			);
			outputPaths = (
				"${TARGET_BUILD_DIR}/${FRAMEWORKS_FOLDER_PATH}/Bolts.framework",
				"${TARGET_BUILD_DIR}/${FRAMEWORKS_FOLDER_PATH}/FBSDKCoreKit.framework",
			);
			runOnlyForDeploymentPostprocessing = 0;
			shellPath = /bin/sh;
			shellScript = "\"${SRCROOT}/Pods/Target Support Files/Pods-ios-study-facebook/Pods-ios-study-facebook-frameworks.sh\"\n";
			showEnvVarsInLog = 0;
		};
		E7BEB6BBFE55F0136722E3DF /* [CP] Check Pods Manifest.lock */ = {
			isa = PBXShellScriptBuildPhase;
			buildActionMask = 2147483647;
			files = (
			);
			inputFileListPaths = (
			);
			inputPaths = (
				"${PODS_PODFILE_DIR_PATH}/Podfile.lock",
				"${PODS_ROOT}/Manifest.lock",
			);
			name = "[CP] Check Pods Manifest.lock";
			outputFileListPaths = (
			);
			outputPaths = (
				"$(DERIVED_FILE_DIR)/Pods-ios-study-facebookUITests-checkManifestLockResult.txt",
			);
			runOnlyForDeploymentPostprocessing = 0;
			shellPath = /bin/sh;
			shellScript = "diff \"${PODS_PODFILE_DIR_PATH}/Podfile.lock\" \"${PODS_ROOT}/Manifest.lock\" > /dev/null\nif [ $? != 0 ] ; then\n    # print error to STDERR\n    echo \"error: The sandbox is not in sync with the Podfile.lock. Run 'pod install' or update your CocoaPods installation.\" >&2\n    exit 1\nfi\n# This output is used by Xcode 'outputs' to avoid re-running this script phase.\necho \"SUCCESS\" > \"${SCRIPT_OUTPUT_FILE_0}\"\n";
			showEnvVarsInLog = 0;
		};
/* End PBXShellScriptBuildPhase section */

/* Begin PBXSourcesBuildPhase section */
		C8FD9F2A21B3BF2600DB9466 /* Sources */ = {
			isa = PBXSourcesBuildPhase;
			buildActionMask = 2147483647;
			files = (
				C8FD9F3421B3BF2600DB9466 /* ViewController.swift in Sources */,
				C8FD9F3221B3BF2600DB9466 /* AppDelegate.swift in Sources */,
			);
			runOnlyForDeploymentPostprocessing = 0;
		};
		C8FD9F3E21B3BF2700DB9466 /* Sources */ = {
			isa = PBXSourcesBuildPhase;
			buildActionMask = 2147483647;
			files = (
				C8FD9F4721B3BF2700DB9466 /* ios_study_facebookTests.swift in Sources */,
			);
			runOnlyForDeploymentPostprocessing = 0;
		};
		C8FD9F4921B3BF2700DB9466 /* Sources */ = {
			isa = PBXSourcesBuildPhase;
			buildActionMask = 2147483647;
			files = (
				C8FD9F5221B3BF2700DB9466 /* ios_study_facebookUITests.swift in Sources */,
			);
			runOnlyForDeploymentPostprocessing = 0;
		};
/* End PBXSourcesBuildPhase section */

/* Begin PBXTargetDependency section */
		C8FD9F4421B3BF2700DB9466 /* PBXTargetDependency */ = {
			isa = PBXTargetDependency;
			target = C8FD9F2D21B3BF2600DB9466 /* ios-study-facebook */;
			targetProxy = C8FD9F4321B3BF2700DB9466 /* PBXContainerItemProxy */;
		};
		C8FD9F4F21B3BF2700DB9466 /* PBXTargetDependency */ = {
			isa = PBXTargetDependency;
			target = C8FD9F2D21B3BF2600DB9466 /* ios-study-facebook */;
			targetProxy = C8FD9F4E21B3BF2700DB9466 /* PBXContainerItemProxy */;
		};
/* End PBXTargetDependency section */

/* Begin PBXVariantGroup section */
		C8FD9F3521B3BF2600DB9466 /* Main.storyboard */ = {
			isa = PBXVariantGroup;
			children = (
				C8FD9F3621B3BF2600DB9466 /* Base */,
			);
			name = Main.storyboard;
			sourceTree = "<group>";
		};
		C8FD9F3A21B3BF2700DB9466 /* LaunchScreen.storyboard */ = {
			isa = PBXVariantGroup;
			children = (
				C8FD9F3B21B3BF2700DB9466 /* Base */,
			);
			name = LaunchScreen.storyboard;
			sourceTree = "<group>";
		};
/* End PBXVariantGroup section */

/* Begin XCBuildConfiguration section */
		C8FD9F5421B3BF2700DB9466 /* Debug */ = {
			isa = XCBuildConfiguration;
			buildSettings = {
				ALWAYS_SEARCH_USER_PATHS = NO;
				CLANG_ANALYZER_NONNULL = YES;
				CLANG_ANALYZER_NUMBER_OBJECT_CONVERSION = YES_AGGRESSIVE;
				CLANG_CXX_LANGUAGE_STANDARD = "gnu++14";
				CLANG_CXX_LIBRARY = "libc++";
				CLANG_ENABLE_MODULES = YES;
				CLANG_ENABLE_OBJC_ARC = YES;
				CLANG_ENABLE_OBJC_WEAK = YES;
				CLANG_WARN_BLOCK_CAPTURE_AUTORELEASING = YES;
				CLANG_WARN_BOOL_CONVERSION = YES;
				CLANG_WARN_COMMA = YES;
				CLANG_WARN_CONSTANT_CONVERSION = YES;
				CLANG_WARN_DEPRECATED_OBJC_IMPLEMENTATIONS = YES;
				CLANG_WARN_DIRECT_OBJC_ISA_USAGE = YES_ERROR;
				CLANG_WARN_DOCUMENTATION_COMMENTS = YES;
				CLANG_WARN_EMPTY_BODY = YES;
				CLANG_WARN_ENUM_CONVERSION = YES;
				CLANG_WARN_INFINITE_RECURSION = YES;
				CLANG_WARN_INT_CONVERSION = YES;
				CLANG_WARN_NON_LITERAL_NULL_CONVERSION = YES;
				CLANG_WARN_OBJC_IMPLICIT_RETAIN_SELF = YES;
				CLANG_WARN_OBJC_LITERAL_CONVERSION = YES;
				CLANG_WARN_OBJC_ROOT_CLASS = YES_ERROR;
				CLANG_WARN_RANGE_LOOP_ANALYSIS = YES;
				CLANG_WARN_STRICT_PROTOTYPES = YES;
				CLANG_WARN_SUSPICIOUS_MOVE = YES;
				CLANG_WARN_UNGUARDED_AVAILABILITY = YES_AGGRESSIVE;
				CLANG_WARN_UNREACHABLE_CODE = YES;
				CLANG_WARN__DUPLICATE_METHOD_MATCH = YES;
				CODE_SIGN_IDENTITY = "iPhone Developer";
				COPY_PHASE_STRIP = NO;
				DEBUG_INFORMATION_FORMAT = dwarf;
				ENABLE_STRICT_OBJC_MSGSEND = YES;
				ENABLE_TESTABILITY = YES;
				GCC_C_LANGUAGE_STANDARD = gnu11;
				GCC_DYNAMIC_NO_PIC = NO;
				GCC_NO_COMMON_BLOCKS = YES;
				GCC_OPTIMIZATION_LEVEL = 0;
				GCC_PREPROCESSOR_DEFINITIONS = (
					"DEBUG=1",
					"$(inherited)",
				);
				GCC_WARN_64_TO_32_BIT_CONVERSION = YES;
				GCC_WARN_ABOUT_RETURN_TYPE = YES_ERROR;
				GCC_WARN_UNDECLARED_SELECTOR = YES;
				GCC_WARN_UNINITIALIZED_AUTOS = YES_AGGRESSIVE;
				GCC_WARN_UNUSED_FUNCTION = YES;
				GCC_WARN_UNUSED_VARIABLE = YES;
				IPHONEOS_DEPLOYMENT_TARGET = 12.1;
				MTL_ENABLE_DEBUG_INFO = INCLUDE_SOURCE;
				MTL_FAST_MATH = YES;
				ONLY_ACTIVE_ARCH = YES;
				SDKROOT = iphoneos;
				SWIFT_ACTIVE_COMPILATION_CONDITIONS = DEBUG;
				SWIFT_OPTIMIZATION_LEVEL = "-Onone";
			};
			name = Debug;
		};
		C8FD9F5521B3BF2700DB9466 /* Release */ = {
			isa = XCBuildConfiguration;
			buildSettings = {
				ALWAYS_SEARCH_USER_PATHS = NO;
				CLANG_ANALYZER_NONNULL = YES;
				CLANG_ANALYZER_NUMBER_OBJECT_CONVERSION = YES_AGGRESSIVE;
				CLANG_CXX_LANGUAGE_STANDARD = "gnu++14";
				CLANG_CXX_LIBRARY = "libc++";
				CLANG_ENABLE_MODULES = YES;
				CLANG_ENABLE_OBJC_ARC = YES;
				CLANG_ENABLE_OBJC_WEAK = YES;
				CLANG_WARN_BLOCK_CAPTURE_AUTORELEASING = YES;
				CLANG_WARN_BOOL_CONVERSION = YES;
				CLANG_WARN_COMMA = YES;
				CLANG_WARN_CONSTANT_CONVERSION = YES;
				CLANG_WARN_DEPRECATED_OBJC_IMPLEMENTATIONS = YES;
				CLANG_WARN_DIRECT_OBJC_ISA_USAGE = YES_ERROR;
				CLANG_WARN_DOCUMENTATION_COMMENTS = YES;
				CLANG_WARN_EMPTY_BODY = YES;
				CLANG_WARN_ENUM_CONVERSION = YES;
				CLANG_WARN_INFINITE_RECURSION = YES;
				CLANG_WARN_INT_CONVERSION = YES;
				CLANG_WARN_NON_LITERAL_NULL_CONVERSION = YES;
				CLANG_WARN_OBJC_IMPLICIT_RETAIN_SELF = YES;
				CLANG_WARN_OBJC_LITERAL_CONVERSION = YES;
				CLANG_WARN_OBJC_ROOT_CLASS = YES_ERROR;
				CLANG_WARN_RANGE_LOOP_ANALYSIS = YES;
				CLANG_WARN_STRICT_PROTOTYPES = YES;
				CLANG_WARN_SUSPICIOUS_MOVE = YES;
				CLANG_WARN_UNGUARDED_AVAILABILITY = YES_AGGRESSIVE;
				CLANG_WARN_UNREACHABLE_CODE = YES;
				CLANG_WARN__DUPLICATE_METHOD_MATCH = YES;
				CODE_SIGN_IDENTITY = "iPhone Developer";
				COPY_PHASE_STRIP = NO;
				DEBUG_INFORMATION_FORMAT = "dwarf-with-dsym";
				ENABLE_NS_ASSERTIONS = NO;
				ENABLE_STRICT_OBJC_MSGSEND = YES;
				GCC_C_LANGUAGE_STANDARD = gnu11;
				GCC_NO_COMMON_BLOCKS = YES;
				GCC_WARN_64_TO_32_BIT_CONVERSION = YES;
				GCC_WARN_ABOUT_RETURN_TYPE = YES_ERROR;
				GCC_WARN_UNDECLARED_SELECTOR = YES;
				GCC_WARN_UNINITIALIZED_AUTOS = YES_AGGRESSIVE;
				GCC_WARN_UNUSED_FUNCTION = YES;
				GCC_WARN_UNUSED_VARIABLE = YES;
				IPHONEOS_DEPLOYMENT_TARGET = 12.1;
				MTL_ENABLE_DEBUG_INFO = NO;
				MTL_FAST_MATH = YES;
				SDKROOT = iphoneos;
				SWIFT_COMPILATION_MODE = wholemodule;
				SWIFT_OPTIMIZATION_LEVEL = "-O";
				VALIDATE_PRODUCT = YES;
			};
			name = Release;
		};
		C8FD9F5721B3BF2700DB9466 /* Debug */ = {
			isa = XCBuildConfiguration;
			baseConfigurationReference = 73EBBDFB799BD93169C81B89 /* Pods-ios-study-facebook.debug.xcconfig */;
			buildSettings = {
				ASSETCATALOG_COMPILER_APPICON_NAME = AppIcon;
				CODE_SIGN_STYLE = Automatic;
				DEVELOPMENT_TEAM = 4V8L67ENQL;
				INFOPLIST_FILE = "ios-study-facebook/Info.plist";
				LD_RUNPATH_SEARCH_PATHS = (
					"$(inherited)",
					"@executable_path/Frameworks",
				);
				PRODUCT_BUNDLE_IDENTIFIER = "com.shishimo.ios-study-facebook";
				PRODUCT_NAME = "$(TARGET_NAME)";
				SWIFT_VERSION = 4.2;
				TARGETED_DEVICE_FAMILY = "1,2";
			};
			name = Debug;
		};
		C8FD9F5821B3BF2700DB9466 /* Release */ = {
			isa = XCBuildConfiguration;
			baseConfigurationReference = D748B6E41ED2E87D7DF2025A /* Pods-ios-study-facebook.release.xcconfig */;
			buildSettings = {
				ASSETCATALOG_COMPILER_APPICON_NAME = AppIcon;
				CODE_SIGN_STYLE = Automatic;
				DEVELOPMENT_TEAM = 4V8L67ENQL;
				INFOPLIST_FILE = "ios-study-facebook/Info.plist";
				LD_RUNPATH_SEARCH_PATHS = (
					"$(inherited)",
					"@executable_path/Frameworks",
				);
				PRODUCT_BUNDLE_IDENTIFIER = "com.shishimo.ios-study-facebook";
				PRODUCT_NAME = "$(TARGET_NAME)";
				SWIFT_VERSION = 4.2;
				TARGETED_DEVICE_FAMILY = "1,2";
			};
			name = Release;
		};
		C8FD9F5A21B3BF2700DB9466 /* Debug */ = {
			isa = XCBuildConfiguration;
			baseConfigurationReference = D11C7E6F6C5EB53B1796D2AE /* Pods-ios-study-facebookTests.debug.xcconfig */;
			buildSettings = {
				ALWAYS_EMBED_SWIFT_STANDARD_LIBRARIES = YES;
				BUNDLE_LOADER = "$(TEST_HOST)";
				CODE_SIGN_STYLE = Automatic;
				DEVELOPMENT_TEAM = V872GAW3MT;
				INFOPLIST_FILE = "ios-study-facebookTests/Info.plist";
				LD_RUNPATH_SEARCH_PATHS = (
					"$(inherited)",
					"@executable_path/Frameworks",
					"@loader_path/Frameworks",
				);
				PRODUCT_BUNDLE_IDENTIFIER = "com.shishimo.ios-study-facebookTests";
				PRODUCT_NAME = "$(TARGET_NAME)";
				SWIFT_VERSION = 4.2;
				TARGETED_DEVICE_FAMILY = "1,2";
				TEST_HOST = "$(BUILT_PRODUCTS_DIR)/ios-study-facebook.app/ios-study-facebook";
			};
			name = Debug;
		};
		C8FD9F5B21B3BF2700DB9466 /* Release */ = {
			isa = XCBuildConfiguration;
			baseConfigurationReference = C55254963A10FA2D2FFE0593 /* Pods-ios-study-facebookTests.release.xcconfig */;
			buildSettings = {
				ALWAYS_EMBED_SWIFT_STANDARD_LIBRARIES = YES;
				BUNDLE_LOADER = "$(TEST_HOST)";
				CODE_SIGN_STYLE = Automatic;
				DEVELOPMENT_TEAM = V872GAW3MT;
				INFOPLIST_FILE = "ios-study-facebookTests/Info.plist";
				LD_RUNPATH_SEARCH_PATHS = (
					"$(inherited)",
					"@executable_path/Frameworks",
					"@loader_path/Frameworks",
				);
				PRODUCT_BUNDLE_IDENTIFIER = "com.shishimo.ios-study-facebookTests";
				PRODUCT_NAME = "$(TARGET_NAME)";
				SWIFT_VERSION = 4.2;
				TARGETED_DEVICE_FAMILY = "1,2";
				TEST_HOST = "$(BUILT_PRODUCTS_DIR)/ios-study-facebook.app/ios-study-facebook";
			};
			name = Release;
		};
		C8FD9F5D21B3BF2700DB9466 /* Debug */ = {
			isa = XCBuildConfiguration;
			baseConfigurationReference = 3169ECD9594F25B28CB1379F /* Pods-ios-study-facebookUITests.debug.xcconfig */;
			buildSettings = {
				ALWAYS_EMBED_SWIFT_STANDARD_LIBRARIES = YES;
				CODE_SIGN_STYLE = Automatic;
				DEVELOPMENT_TEAM = V872GAW3MT;
				INFOPLIST_FILE = "ios-study-facebookUITests/Info.plist";
				LD_RUNPATH_SEARCH_PATHS = (
					"$(inherited)",
					"@executable_path/Frameworks",
					"@loader_path/Frameworks",
				);
				PRODUCT_BUNDLE_IDENTIFIER = "com.shishimo.ios-study-facebookUITests";
				PRODUCT_NAME = "$(TARGET_NAME)";
				SWIFT_VERSION = 4.2;
				TARGETED_DEVICE_FAMILY = "1,2";
				TEST_TARGET_NAME = "ios-study-facebook";
			};
			name = Debug;
		};
		C8FD9F5E21B3BF2700DB9466 /* Release */ = {
			isa = XCBuildConfiguration;
			baseConfigurationReference = 5E5406E01920B65B328EF6B2 /* Pods-ios-study-facebookUITests.release.xcconfig */;
			buildSettings = {
				ALWAYS_EMBED_SWIFT_STANDARD_LIBRARIES = YES;
				CODE_SIGN_STYLE = Automatic;
				DEVELOPMENT_TEAM = V872GAW3MT;
				INFOPLIST_FILE = "ios-study-facebookUITests/Info.plist";
				LD_RUNPATH_SEARCH_PATHS = (
					"$(inherited)",
					"@executable_path/Frameworks",
					"@loader_path/Frameworks",
				);
				PRODUCT_BUNDLE_IDENTIFIER = "com.shishimo.ios-study-facebookUITests";
				PRODUCT_NAME = "$(TARGET_NAME)";
				SWIFT_VERSION = 4.2;
				TARGETED_DEVICE_FAMILY = "1,2";
				TEST_TARGET_NAME = "ios-study-facebook";
			};
			name = Release;
		};
/* End XCBuildConfiguration section */

/* Begin XCConfigurationList section */
		C8FD9F2921B3BF2600DB9466 /* Build configuration list for PBXProject "ios-study-facebook" */ = {
			isa = XCConfigurationList;
			buildConfigurations = (
				C8FD9F5421B3BF2700DB9466 /* Debug */,
				C8FD9F5521B3BF2700DB9466 /* Release */,
			);
			defaultConfigurationIsVisible = 0;
			defaultConfigurationName = Release;
		};
		C8FD9F5621B3BF2700DB9466 /* Build configuration list for PBXNativeTarget "ios-study-facebook" */ = {
			isa = XCConfigurationList;
			buildConfigurations = (
				C8FD9F5721B3BF2700DB9466 /* Debug */,
				C8FD9F5821B3BF2700DB9466 /* Release */,
			);
			defaultConfigurationIsVisible = 0;
			defaultConfigurationName = Release;
		};
		C8FD9F5921B3BF2700DB9466 /* Build configuration list for PBXNativeTarget "ios-study-facebookTests" */ = {
			isa = XCConfigurationList;
			buildConfigurations = (
				C8FD9F5A21B3BF2700DB9466 /* Debug */,
				C8FD9F5B21B3BF2700DB9466 /* Release */,
			);
			defaultConfigurationIsVisible = 0;
			defaultConfigurationName = Release;
		};
		C8FD9F5C21B3BF2700DB9466 /* Build configuration list for PBXNativeTarget "ios-study-facebookUITests" */ = {
			isa = XCConfigurationList;
			buildConfigurations = (
				C8FD9F5D21B3BF2700DB9466 /* Debug */,
				C8FD9F5E21B3BF2700DB9466 /* Release */,
			);
			defaultConfigurationIsVisible = 0;
			defaultConfigurationName = Release;
		};
/* End XCConfigurationList section */
	};
	rootObject = C8FD9F2621B3BF2600DB9466 /* Project object */;
}
